# Generated by pub
# See https://dart.dev/tools/pub/glossary#lockfile
packages:
  app_tracking_transparency:
    dependency: "direct main"
    description:
      name: app_tracking_transparency
      sha256: ce9311f0e393dbd6b1cb4aeaf609e2db8ba20b1327ca67d07c11ef4876f843a8
      url: "https://pub.dev"
    source: hosted
    version: "2.0.4"
  applovin_max:
    dependency: "direct main"
    description:
      name: applovin_max
      sha256: b742727b9e817b4a8b98ca8e822de482e868a3339fe9f083f5d8d5af58338a2f
      url: "https://pub.dev"
    source: hosted
    version: "3.7.0"
  async:
    dependency: transitive
    description:
      name: async
      sha256: "947bfcf187f74dbc5e146c9eb9c0f10c9f8b30743e341481c1e2ed3ecc18c20c"
      url: "https://pub.dev"
    source: hosted
    version: "2.11.0"
  audio_session:
    dependency: transitive
    description:
      name: audio_session
      sha256: "6fdf255ed3af86535c96452c33ecff1245990bb25a605bfb1958661ccc3d467f"
      url: "https://pub.dev"
    source: hosted
    version: "0.1.18"
  boolean_selector:
    dependency: transitive
    description:
      name: boolean_selector
      sha256: "6cfb5af12253eaf2b368f07bacc5a80d1301a071c73360d746b7f2e32d762c66"
      url: "https://pub.dev"
    source: hosted
    version: "2.1.1"
  button_animations:
    dependency: "direct main"
    description:
      name: button_animations
      sha256: d4d2ed94d6b624d66903e01bb2ad85969209b45ffe7390cea8ac4b01bdf01a51
      url: "https://pub.dev"
    source: hosted
    version: "2.0.0+3"
  cached_network_image:
    dependency: "direct main"
    description:
      name: cached_network_image
      sha256: "28ea9690a8207179c319965c13cd8df184d5ee721ae2ce60f398ced1219cea1f"
      url: "https://pub.dev"
    source: hosted
    version: "3.3.1"
  cached_network_image_platform_interface:
    dependency: transitive
    description:
      name: cached_network_image_platform_interface
      sha256: "9e90e78ae72caa874a323d78fa6301b3fb8fa7ea76a8f96dc5b5bf79f283bf2f"
      url: "https://pub.dev"
    source: hosted
    version: "4.0.0"
  cached_network_image_web:
    dependency: transitive
    description:
      name: cached_network_image_web
      sha256: "42a835caa27c220d1294311ac409a43361088625a4f23c820b006dd9bffb3316"
      url: "https://pub.dev"
    source: hosted
    version: "1.1.1"
  characters:
    dependency: transitive
    description:
      name: characters
      sha256: "04a925763edad70e8443c99234dc3328f442e811f1d8fd1a72f1c8ad0f69a605"
      url: "https://pub.dev"
    source: hosted
    version: "1.3.0"
  clock:
    dependency: transitive
    description:
      name: clock
      sha256: cb6d7f03e1de671e34607e909a7213e31d7752be4fb66a86d29fe1eb14bfb5cf
      url: "https://pub.dev"
    source: hosted
    version: "1.1.1"
  collection:
    dependency: transitive
    description:
      name: collection
      sha256: ee67cb0715911d28db6bf4af1026078bd6f0128b07a5f66fb2ed94ec6783c09a
      url: "https://pub.dev"
    source: hosted
    version: "1.18.0"
  cross_file:
    dependency: transitive
    description:
      name: cross_file
      sha256: fedaadfa3a6996f75211d835aaeb8fede285dae94262485698afd832371b9a5e
      url: "https://pub.dev"
    source: hosted
    version: "0.3.3+8"
  crypto:
    dependency: transitive
    description:
      name: crypto
      sha256: ff625774173754681d66daaf4a448684fb04b78f902da9cb3d308c19cc5e8bab
      url: "https://pub.dev"
    source: hosted
    version: "3.0.3"
  cupertino_icons:
    dependency: "direct main"
    description:
      name: cupertino_icons
      sha256: d57953e10f9f8327ce64a508a355f0b1ec902193f66288e8cb5070e7c47eeb2d
      url: "https://pub.dev"
    source: hosted
    version: "1.0.6"
  dart_ping:
    dependency: "direct main"
    description:
      name: dart_ping
      sha256: "2f5418d0a5c64e53486caaac78677b25725b1e13c33c5be834ce874ea18bd24f"
      url: "https://pub.dev"
    source: hosted
    version: "9.0.1"
  dart_ping_ios:
    dependency: "direct main"
    description:
      name: dart_ping_ios
      sha256: "17df1b369331ec6c30a91a51db64ac8feed47fad71e444208de06edf2a22415f"
      url: "https://pub.dev"
    source: hosted
    version: "4.0.2"
  dio:
    dependency: "direct main"
    description:
      name: dio
      sha256: "49af28382aefc53562459104f64d16b9dfd1e8ef68c862d5af436cc8356ce5a8"
      url: "https://pub.dev"
    source: hosted
    version: "5.4.1"
  fake_async:
    dependency: transitive
    description:
      name: fake_async
      sha256: "511392330127add0b769b75a987850d136345d9227c6b94c96a04cf4a391bf78"
      url: "https://pub.dev"
    source: hosted
    version: "1.3.1"
  ffi:
    dependency: transitive
    description:
      name: ffi
      sha256: "493f37e7df1804778ff3a53bd691d8692ddf69702cf4c1c1096a2e41b4779e21"
      url: "https://pub.dev"
    source: hosted
    version: "2.1.2"
  file:
    dependency: transitive
    description:
      name: file
      sha256: "5fc22d7c25582e38ad9a8515372cd9a93834027aacf1801cf01164dac0ffa08c"
      url: "https://pub.dev"
    source: hosted
    version: "7.0.0"
  fixnum:
    dependency: transitive
    description:
      name: fixnum
      sha256: "25517a4deb0c03aa0f32fd12db525856438902d9c16536311e76cdc57b31d7d1"
      url: "https://pub.dev"
    source: hosted
    version: "1.1.0"
  flutter:
    dependency: "direct main"
    description: flutter
    source: sdk
    version: "0.0.0"
  flutter_cache_manager:
    dependency: transitive
    description:
      name: flutter_cache_manager
      sha256: "8207f27539deb83732fdda03e259349046a39a4c767269285f449ade355d54ba"
      url: "https://pub.dev"
    source: hosted
    version: "3.3.1"
  flutter_hooks:
    dependency: "direct main"
    description:
      name: flutter_hooks
      sha256: cde36b12f7188c85286fba9b38cc5a902e7279f36dd676967106c041dc9dde70
      url: "https://pub.dev"
    source: hosted
    version: "0.20.5"
  flutter_icmp_ping:
    dependency: transitive
    description:
      name: flutter_icmp_ping
      sha256: de9633cf65a8c733fae29d08a35d3d4b343620cd1d13e1bfa88eccf56696d896
      url: "https://pub.dev"
    source: hosted
    version: "3.1.3"
  flutter_lints:
    dependency: "direct dev"
    description:
      name: flutter_lints
      sha256: e2a421b7e59244faef694ba7b30562e489c2b489866e505074eb005cd7060db7
      url: "https://pub.dev"
    source: hosted
    version: "3.0.1"
  flutter_screenutil:
    dependency: "direct main"
    description:
      name: flutter_screenutil
      sha256: "8cf100b8e4973dc570b6415a2090b0bfaa8756ad333db46939efc3e774ee100d"
      url: "https://pub.dev"
    source: hosted
    version: "5.9.0"
  flutter_test:
    dependency: "direct dev"
    description: flutter
    source: sdk
    version: "0.0.0"
  flutter_web_plugins:
    dependency: transitive
    description: flutter
    source: sdk
    version: "0.0.0"
  get:
    dependency: transitive
    description:
      name: get
      sha256: e4e7335ede17452b391ed3b2ede016545706c01a02292a6c97619705e7d2a85e
      url: "https://pub.dev"
    source: hosted
    version: "4.6.6"
  get_storage:
    dependency: "direct main"
    description:
      name: get_storage
      sha256: "39db1fffe779d0c22b3a744376e86febe4ade43bf65e06eab5af707dc84185a2"
      url: "https://pub.dev"
    source: hosted
    version: "2.1.1"
  google_fonts:
    dependency: "direct main"
    description:
      name: google_fonts
      sha256: e20ff62b158b96f392bfc8afe29dee1503c94fbea2cbe8186fd59b756b8ae982
      url: "https://pub.dev"
    source: hosted
    version: "5.1.0"
  google_mobile_ads:
    dependency: "direct main"
    description:
      name: google_mobile_ads
      sha256: d2ef5ec1e1f31137fc241bdeab3037c31062d387dd221fd884fb1160444c788b
      url: "https://pub.dev"
    source: hosted
    version: "4.0.0"
  hexcolor:
    dependency: "direct main"
    description:
      name: hexcolor
      sha256: c07f4bbb9095df87eeca87e7c69e8c3d60f70c66102d7b8d61c4af0453add3f6
      url: "https://pub.dev"
    source: hosted
    version: "3.0.1"
  http:
    dependency: "direct main"
    description:
      name: http
      sha256: a2bbf9d017fcced29139daa8ed2bba4ece450ab222871df93ca9eec6f80c34ba
      url: "https://pub.dev"
    source: hosted
    version: "1.2.0"
  http_parser:
    dependency: transitive
    description:
      name: http_parser
      sha256: "2aa08ce0341cc9b354a498388e30986515406668dbcc4f7c950c3e715496693b"
      url: "https://pub.dev"
    source: hosted
    version: "4.0.2"
  in_app_review:
    dependency: "direct main"
    description:
      name: in_app_review
      sha256: "41ec6f30427ab09eb6ae1c85c4a2a624a145fc5d726f023de4d97170ec9e5466"
      url: "https://pub.dev"
    source: hosted
    version: "2.0.8"
  in_app_review_platform_interface:
    dependency: transitive
    description:
      name: in_app_review_platform_interface
      sha256: fed2c755f2125caa9ae10495a3c163aa7fab5af3585a9c62ef4a6920c5b45f10
      url: "https://pub.dev"
    source: hosted
    version: "2.0.5"
  intl:
    dependency: "direct main"
    description:
      name: intl
      sha256: d6f56758b7d3014a48af9701c085700aac781a92a87a62b1333b46d8879661cf
      url: "https://pub.dev"
    source: hosted
    version: "0.19.0"
  ironsource_adpluginx:
    dependency: "direct main"
    description:
      name: ironsource_adpluginx
      sha256: "31215a9472d01c3113dbfd9ac0a88bc7d0016d246497188eb8feee7de4216a40"
      url: "https://pub.dev"
    source: hosted
    version: "1.0.2"
  just_audio:
    dependency: "direct main"
    description:
      name: just_audio
      sha256: b607cd1a43bac03d85c3aaee00448ff4a589ef2a77104e3d409889ff079bf823
      url: "https://pub.dev"
    source: hosted
    version: "0.9.36"
  just_audio_platform_interface:
    dependency: transitive
    description:
      name: just_audio_platform_interface
      sha256: c3dee0014248c97c91fe6299edb73dc4d6c6930a2f4f713579cd692d9e47f4a1
      url: "https://pub.dev"
    source: hosted
    version: "4.2.2"
  just_audio_web:
    dependency: transitive
    description:
      name: just_audio_web
      sha256: "134356b0fe3d898293102b33b5fd618831ffdc72bb7a1b726140abdf22772b70"
      url: "https://pub.dev"
    source: hosted
    version: "0.4.9"
  leak_tracker:
    dependency: transitive
    description:
      name: leak_tracker
      sha256: "7f0df31977cb2c0b88585095d168e689669a2cc9b97c309665e3386f3e9d341a"
      url: "https://pub.dev"
    source: hosted
    version: "10.0.4"
  leak_tracker_flutter_testing:
    dependency: transitive
    description:
      name: leak_tracker_flutter_testing
      sha256: "06e98f569d004c1315b991ded39924b21af84cf14cc94791b8aea337d25b57f8"
      url: "https://pub.dev"
    source: hosted
    version: "3.0.3"
  leak_tracker_testing:
    dependency: transitive
    description:
      name: leak_tracker_testing
      sha256: "6ba465d5d76e67ddf503e1161d1f4a6bc42306f9d66ca1e8f079a47290fb06d3"
      url: "https://pub.dev"
    source: hosted
    version: "3.0.1"
  lints:
    dependency: transitive
    description:
      name: lints
      sha256: cbf8d4b858bb0134ef3ef87841abdf8d63bfc255c266b7bf6b39daa1085c4290
      url: "https://pub.dev"
    source: hosted
    version: "3.0.0"
  loading_animation_widget:
    dependency: "direct main"
    description:
      name: loading_animation_widget
      sha256: "1901682600273a966c34cf44a85fc5355da92a8d08a8a43c11adc4e471993e3a"
      url: "https://pub.dev"
    source: hosted
    version: "1.2.0+4"
  logger:
    dependency: transitive
    description:
      name: logger
      sha256: b3ff55aeb08d9d8901b767650285872cb1bb8f508373b3e348d60268b0c7f770
      url: "https://pub.dev"
    source: hosted
    version: "2.1.0"
  matcher:
    dependency: transitive
    description:
      name: matcher
      sha256: d2323aa2060500f906aa31a895b4030b6da3ebdcc5619d14ce1aada65cd161cb
      url: "https://pub.dev"
    source: hosted
    version: "0.12.16+1"
  material_color_utilities:
    dependency: transitive
    description:
      name: material_color_utilities
      sha256: "0e0a020085b65b6083975e499759762399b4475f766c21668c4ecca34ea74e5a"
      url: "https://pub.dev"
    source: hosted
    version: "0.8.0"
  meta:
    dependency: transitive
    description:
      name: meta
      sha256: "7687075e408b093f36e6bbf6c91878cc0d4cd10f409506f7bc996f68220b9136"
      url: "https://pub.dev"
    source: hosted
    version: "1.12.0"
  mime:
    dependency: transitive
    description:
      name: mime
      sha256: "2e123074287cc9fd6c09de8336dae606d1ddb88d9ac47358826db698c176a1f2"
      url: "https://pub.dev"
    source: hosted
    version: "1.0.5"
  nested:
    dependency: transitive
    description:
      name: nested
      sha256: "03bac4c528c64c95c722ec99280375a6f2fc708eec17c7b3f07253b626cd2a20"
      url: "https://pub.dev"
    source: hosted
    version: "1.0.0"
  octo_image:
    dependency: transitive
    description:
      name: octo_image
      sha256: "45b40f99622f11901238e18d48f5f12ea36426d8eced9f4cbf58479c7aa2430d"
      url: "https://pub.dev"
    source: hosted
    version: "2.0.0"
  onesignal_flutter:
    dependency: "direct main"
    description:
      name: onesignal_flutter
      sha256: "5a3a9e44725d94151d9a4501c25496a38589f0018b518c7b688ac1847fa9226c"
      url: "https://pub.dev"
    source: hosted
    version: "5.1.1"
  package_info_plus:
    dependency: "direct main"
    description:
      name: package_info_plus
      sha256: "88bc797f44a94814f2213db1c9bd5badebafdfb8290ca9f78d4b9ee2a3db4d79"
      url: "https://pub.dev"
    source: hosted
    version: "5.0.1"
  package_info_plus_platform_interface:
    dependency: transitive
    description:
      name: package_info_plus_platform_interface
      sha256: "9bc8ba46813a4cc42c66ab781470711781940780fd8beddd0c3da62506d3a6c6"
      url: "https://pub.dev"
    source: hosted
    version: "2.0.1"
  path:
    dependency: transitive
    description:
      name: path
      sha256: "087ce49c3f0dc39180befefc60fdb4acd8f8620e5682fe2476afd0b3688bb4af"
      url: "https://pub.dev"
    source: hosted
    version: "1.9.0"
  path_provider:
    dependency: transitive
    description:
      name: path_provider
      sha256: b27217933eeeba8ff24845c34003b003b2b22151de3c908d0e679e8fe1aa078b
      url: "https://pub.dev"
    source: hosted
    version: "2.1.2"
  path_provider_android:
    dependency: transitive
    description:
      name: path_provider_android
      sha256: "477184d672607c0a3bf68fbbf601805f92ef79c82b64b4d6eb318cbca4c48668"
      url: "https://pub.dev"
    source: hosted
    version: "2.2.2"
  path_provider_foundation:
    dependency: transitive
    description:
      name: path_provider_foundation
      sha256: "5a7999be66e000916500be4f15a3633ebceb8302719b47b9cc49ce924125350f"
      url: "https://pub.dev"
    source: hosted
    version: "2.3.2"
  path_provider_linux:
    dependency: transitive
    description:
      name: path_provider_linux
      sha256: f7a1fe3a634fe7734c8d3f2766ad746ae2a2884abe22e241a8b301bf5cac3279
      url: "https://pub.dev"
    source: hosted
    version: "2.2.1"
  path_provider_platform_interface:
    dependency: transitive
    description:
      name: path_provider_platform_interface
      sha256: "88f5779f72ba699763fa3a3b06aa4bf6de76c8e5de842cf6f29e2e06476c2334"
      url: "https://pub.dev"
    source: hosted
    version: "2.1.2"
  path_provider_windows:
    dependency: transitive
    description:
      name: path_provider_windows
      sha256: "8bc9f22eee8690981c22aa7fc602f5c85b497a6fb2ceb35ee5a5e5ed85ad8170"
      url: "https://pub.dev"
    source: hosted
    version: "2.2.1"
  platform:
    dependency: transitive
    description:
      name: platform
      sha256: "12220bb4b65720483f8fa9450b4332347737cf8213dd2840d8b2c823e47243ec"
      url: "https://pub.dev"
    source: hosted
    version: "3.1.4"
  plugin_platform_interface:
    dependency: transitive
    description:
      name: plugin_platform_interface
      sha256: "4820fbfdb9478b1ebae27888254d445073732dae3d6ea81f0b7e06d5dedc3f02"
      url: "https://pub.dev"
    source: hosted
    version: "2.1.8"
  provider:
    dependency: "direct main"
    description:
      name: provider
      sha256: c8a055ee5ce3fd98d6fc872478b03823ffdb448699c6ebdbbc71d59b596fd48c
      url: "https://pub.dev"
    source: hosted
    version: "6.1.2"
  readmore:
    dependency: "direct main"
    description:
      name: readmore
      sha256: "99c2483202f7c7e98c50834d72be2b119aefecf4497ca1960ae9d5f418eb1481"
      url: "https://pub.dev"
    source: hosted
    version: "2.2.0"
  rxdart:
    dependency: transitive
    description:
      name: rxdart
      sha256: "0c7c0cedd93788d996e33041ffecda924cc54389199cde4e6a34b440f50044cb"
      url: "https://pub.dev"
    source: hosted
    version: "0.27.7"
  share_plus:
    dependency: "direct main"
    description:
      name: share_plus
      sha256: "3ef39599b00059db0990ca2e30fca0a29d8b37aae924d60063f8e0184cf20900"
      url: "https://pub.dev"
    source: hosted
    version: "7.2.2"
  share_plus_platform_interface:
    dependency: transitive
    description:
      name: share_plus_platform_interface
      sha256: df08bc3a07d01f5ea47b45d03ffcba1fa9cd5370fb44b3f38c70e42cced0f956
      url: "https://pub.dev"
    source: hosted
    version: "3.3.1"
  sky_engine:
    dependency: transitive
    description: flutter
    source: sdk
    version: "0.0.99"
  source_span:
    dependency: transitive
    description:
      name: source_span
      sha256: "53e943d4206a5e30df338fd4c6e7a077e02254531b138a15aec3bd143c1a8b3c"
      url: "https://pub.dev"
    source: hosted
    version: "1.10.0"
  sprintf:
    dependency: transitive
    description:
      name: sprintf
      sha256: "1fc9ffe69d4df602376b52949af107d8f5703b77cda567c4d7d86a0693120f23"
      url: "https://pub.dev"
    source: hosted
    version: "7.0.0"
  sqflite:
    dependency: transitive
    description:
      name: sqflite
      sha256: a9016f495c927cb90557c909ff26a6d92d9bd54fc42ba92e19d4e79d61e798c6
      url: "https://pub.dev"
    source: hosted
    version: "2.3.2"
  sqflite_common:
    dependency: transitive
    description:
      name: sqflite_common
      sha256: "28d8c66baee4968519fb8bd6cdbedad982d6e53359091f0b74544a9f32ec72d5"
      url: "https://pub.dev"
    source: hosted
    version: "2.5.3"
  stack_trace:
    dependency: transitive
    description:
      name: stack_trace
      sha256: "73713990125a6d93122541237550ee3352a2d84baad52d375a4cad2eb9b7ce0b"
      url: "https://pub.dev"
    source: hosted
    version: "1.11.1"
  step_progress_indicator:
    dependency: "direct main"
    description:
      name: step_progress_indicator
      sha256: b51bb1fcfc78454359f0658c5a2c21548c3825ebf76e826308e9ca10f383bbb8
      url: "https://pub.dev"
    source: hosted
    version: "1.0.2"
  stream_channel:
    dependency: transitive
    description:
      name: stream_channel
      sha256: ba2aa5d8cc609d96bbb2899c28934f9e1af5cddbd60a827822ea467161eb54e7
      url: "https://pub.dev"
    source: hosted
    version: "2.1.2"
  string_scanner:
    dependency: transitive
    description:
      name: string_scanner
      sha256: "556692adab6cfa87322a115640c11f13cb77b3f076ddcc5d6ae3c20242bedcde"
      url: "https://pub.dev"
    source: hosted
    version: "1.2.0"
  synchronized:
    dependency: transitive
    description:
      name: synchronized
      sha256: "539ef412b170d65ecdafd780f924e5be3f60032a1128df156adad6c5b373d558"
      url: "https://pub.dev"
    source: hosted
    version: "3.1.0+1"
  term_glyph:
    dependency: transitive
    description:
      name: term_glyph
      sha256: a29248a84fbb7c79282b40b8c72a1209db169a2e0542bce341da992fe1bc7e84
      url: "https://pub.dev"
    source: hosted
    version: "1.2.1"
  test_api:
    dependency: transitive
    description:
      name: test_api
      sha256: "9955ae474176f7ac8ee4e989dadfb411a58c30415bcfb648fa04b2b8a03afa7f"
      url: "https://pub.dev"
    source: hosted
    version: "0.7.0"
  typed_data:
    dependency: transitive
    description:
      name: typed_data
      sha256: facc8d6582f16042dd49f2463ff1bd6e2c9ef9f3d5da3d9b087e244a7b564b3c
      url: "https://pub.dev"
    source: hosted
    version: "1.3.2"
  unity_ads_plugin:
    dependency: "direct main"
    description:
      name: unity_ads_plugin
      sha256: "636858a9ff573bf3477cb1d2f2663d73ef360790fa7638acbd9631adb24c76c9"
      url: "https://pub.dev"
    source: hosted
    version: "0.3.11"
  url_launcher:
    dependency: "direct main"
    description:
      name: url_launcher
      sha256: "0ecc004c62fd3ed36a2ffcbe0dd9700aee63bd7532d0b642a488b1ec310f492e"
      url: "https://pub.dev"
    source: hosted
    version: "6.2.5"
  url_launcher_android:
    dependency: transitive
    description:
      name: url_launcher_android
      sha256: d4ed0711849dd8e33eb2dd69c25db0d0d3fdc37e0a62e629fe32f57a22db2745
      url: "https://pub.dev"
    source: hosted
    version: "6.3.0"
  url_launcher_ios:
    dependency: transitive
    description:
      name: url_launcher_ios
      sha256: "9149d493b075ed740901f3ee844a38a00b33116c7c5c10d7fb27df8987fb51d5"
      url: "https://pub.dev"
    source: hosted
    version: "6.2.5"
  url_launcher_linux:
    dependency: transitive
    description:
      name: url_launcher_linux
      sha256: ab360eb661f8879369acac07b6bb3ff09d9471155357da8443fd5d3cf7363811
      url: "https://pub.dev"
    source: hosted
    version: "3.1.1"
  url_launcher_macos:
    dependency: transitive
    description:
      name: url_launcher_macos
      sha256: b7244901ea3cf489c5335bdacda07264a6e960b1c1b1a9f91e4bc371d9e68234
      url: "https://pub.dev"
    source: hosted
    version: "3.1.0"
  url_launcher_platform_interface:
    dependency: transitive
    description:
      name: url_launcher_platform_interface
      sha256: "552f8a1e663569be95a8190206a38187b531910283c3e982193e4f2733f01029"
      url: "https://pub.dev"
    source: hosted
    version: "2.3.2"
  url_launcher_web:
    dependency: transitive
    description:
      name: url_launcher_web
      sha256: fff0932192afeedf63cdd50ecbb1bc825d31aed259f02bb8dba0f3b729a5e88b
      url: "https://pub.dev"
    source: hosted
    version: "2.2.3"
  url_launcher_windows:
    dependency: transitive
    description:
      name: url_launcher_windows
      sha256: ecf9725510600aa2bb6d7ddabe16357691b6d2805f66216a97d1b881e21beff7
      url: "https://pub.dev"
    source: hosted
    version: "3.1.1"
  user_messaging_platform:
    dependency: "direct main"
    description:
      name: user_messaging_platform
      sha256: "4843f6a6d92e12ed72eeb1acac7694f9fdd82ec7deac10cae9c0b2d7535d62e9"
      url: "https://pub.dev"
    source: hosted
    version: "1.3.0"
  uuid:
    dependency: transitive
    description:
      name: uuid
      sha256: cd210a09f7c18cbe5a02511718e0334de6559871052c90a90c0cca46a4aa81c8
      url: "https://pub.dev"
    source: hosted
    version: "4.3.3"
  vector_math:
    dependency: transitive
    description:
      name: vector_math
      sha256: "80b3257d1492ce4d091729e3a67a60407d227c27241d6927be0130c98e741803"
      url: "https://pub.dev"
    source: hosted
    version: "2.1.4"
  vm_service:
    dependency: transitive
    description:
      name: vm_service
      sha256: "3923c89304b715fb1eb6423f017651664a03bf5f4b29983627c4da791f74a4ec"
      url: "https://pub.dev"
    source: hosted
    version: "14.2.1"
  web:
    dependency: transitive
    description:
      name: web
      sha256: "4188706108906f002b3a293509234588823c8c979dc83304e229ff400c996b05"
      url: "https://pub.dev"
    source: hosted
    version: "0.4.2"
  webview_flutter:
    dependency: transitive
    description:
      name: webview_flutter
      sha256: "25e1b6e839e8cbfbd708abc6f85ed09d1727e24e08e08c6b8590d7c65c9a8932"
      url: "https://pub.dev"
    source: hosted
    version: "4.7.0"
  webview_flutter_android:
    dependency: transitive
    description:
      name: webview_flutter_android
      sha256: "3e5f4e9d818086b0d01a66fb1ff9cc72ab0cc58c71980e3d3661c5685ea0efb0"
      url: "https://pub.dev"
    source: hosted
    version: "3.15.0"
  webview_flutter_platform_interface:
    dependency: transitive
    description:
      name: webview_flutter_platform_interface
      sha256: d937581d6e558908d7ae3dc1989c4f87b786891ab47bb9df7de548a151779d8d
      url: "https://pub.dev"
    source: hosted
    version: "2.10.0"
  webview_flutter_wkwebview:
    dependency: transitive
    description:
      name: webview_flutter_wkwebview
      sha256: "9bf168bccdf179ce90450b5f37e36fe263f591c9338828d6bf09b6f8d0f57f86"
      url: "https://pub.dev"
    source: hosted
    version: "3.12.0"
  win32:
    dependency: transitive
    description:
      name: win32
      sha256: "464f5674532865248444b4c3daca12bd9bf2d7c47f759ce2617986e7229494a8"
      url: "https://pub.dev"
    source: hosted
    version: "5.2.0"
  xdg_directories:
    dependency: transitive
    description:
      name: xdg_directories
      sha256: faea9dee56b520b55a566385b84f2e8de55e7496104adada9962e0bd11bcff1d
      url: "https://pub.dev"
    source: hosted
    version: "1.0.4"
sdks:
  dart: ">=3.3.0 <4.0.0"
  flutter: ">=3.18.0-18.0.pre.54"
